
Microsoft Visual Studio Solution File, Format Version 12.00
# Visual Studio 15
VisualStudioVersion = 15.0.28010.2046
MinimumVisualStudioVersion = 10.0.40219.1
Project("{8BC9CEB8-8B4A-11D0-8D11-00A0C91BC942}") = "ConsoleApplication1", "ConsoleApplication1\ConsoleApplication1.vcxproj", "{A9602D9B-AAB3-4185-A838-6BCF091E5F52}"
EndProject
Global
	GlobalSection(SolutionConfigurationPlatforms) = preSolution
		Debug|x64 = Debug|x64
		Debug|x86 = Debug|x86
		Release|x64 = Release|x64
		Release|x86 = Release|x86
	EndGlobalSection
	GlobalSection(ProjectConfigurationPlatforms) = postSolution
		{A9602D9B-AAB3-4185-A838-6BCF091E5F52}.Debug|x64.ActiveCfg = Debug|x64
		{A9602D9B-AAB3-4185-A838-6BCF091E5F52}.Debug|x64.Build.0 = Debug|x64
		{A9602D9B-AAB3-4185-A838-6BCF091E5F52}.Debug|x86.ActiveCfg = Debug|Win32
		{A9602D9B-AAB3-4185-A838-6BCF091E5F52}.Debug|x86.Build.0 = Debug|Win32
		{A9602D9B-AAB3-4185-A838-6BCF091E5F52}.Release|x64.ActiveCfg = Release|x64
		{A9602D9B-AAB3-4185-A838-6BCF091E5F52}.Release|x64.Build.0 = Release|x64
		{A9602D9B-AAB3-4185-A838-6BCF091E5F52}.Release|x86.ActiveCfg = Release|Win32
		{A9602D9B-AAB3-4185-A838-6BCF091E5F52}.Release|x86.Build.0 = Release|Win32
	EndGlobalSection
	GlobalSection(SolutionProperties) = preSolution
		HideSolutionNode = FALSE
	EndGlobalSection
	GlobalSection(ExtensibilityGlobals) = postSolution
		SolutionGuid = {F3BBB2B4-6480-4692-B1BF-1FCD9A22956C}
	EndGlobalSection
EndGlobal
